version = 1
revision = 3
requires-python = ">=3.11"

[[package]]
name = "freecad-stubs"
version = "1.0.21"
source = { registry = "https://pypi.org/simple" }
dependencies = [
    { name = "qtpy" },
]
sdist = { url = "https://files.pythonhosted.org/packages/b9/52/efd3cb97dad75cc5f922d5081b16f866cfcbbcbf948d404db298f9b21e0d/freecad_stubs-1.0.21.tar.gz", hash = "sha256:816b2ca663a44e75189482ab970f90278a112ff2b99f64edd216c13d553b52f5", size = 208363, upload-time = "2025-07-21T23:58:37.615Z" }
wheels = [
    { url = "https://files.pythonhosted.org/packages/99/bc/cdfb911f753b4b4f8e400d66d805e5718e32632837507b574a573b3efa24/freecad_stubs-1.0.21-py3-none-any.whl", hash = "sha256:fa96244b1a05e5130b0f96b3eb4ef9aca0f0aa437fff8000cb0750bdbb4edccc", size = 218416, upload-time = "2025-07-21T23:58:36.052Z" },
]

[[package]]
name = "keyboardplugin"
version = "0.1.0"
source = { virtual = "." }
dependencies = [
    { name = "freecad-stubs" },
]

[package.metadata]
requires-dist = [{ name = "freecad-stubs", specifier = ">=1.0.21" }]

[[package]]
name = "packaging"
version = "25.0"
source = { registry = "https://pypi.org/simple" }
sdist = { url = "https://files.pythonhosted.org/packages/a1/d4/1fc4078c65507b51b96ca8f8c3ba19e6a61c8253c72794544580a7b6c24d/packaging-25.0.tar.gz", hash = "sha256:d443872c98d677bf60f6a1f2f8c1cb748e8fe762d2bf9d3148b5599295b0fc4f", size = 165727, upload-time = "2025-04-19T11:48:59.673Z" }
wheels = [
    { url = "https://files.pythonhosted.org/packages/20/12/38679034af332785aac8774540895e234f4d07f7545804097de4b666afd8/packaging-25.0-py3-none-any.whl", hash = "sha256:29572ef2b1f17581046b3a2227d5c611fb25ec70ca1ba8554b24b0e69331a484", size = 66469, upload-time = "2025-04-19T11:48:57.875Z" },
]

[[package]]
name = "qtpy"
version = "2.4.3"
source = { registry = "https://pypi.org/simple" }
dependencies = [
    { name = "packaging" },
]
sdist = { url = "https://files.pythonhosted.org/packages/70/01/392eba83c8e47b946b929d7c46e0f04b35e9671f8bb6fc36b6f7945b4de8/qtpy-2.4.3.tar.gz", hash = "sha256:db744f7832e6d3da90568ba6ccbca3ee2b3b4a890c3d6fbbc63142f6e4cdf5bb", size = 66982, upload-time = "2025-02-11T15:09:25.759Z" }
wheels = [
    { url = "https://files.pythonhosted.org/packages/69/76/37c0ccd5ab968a6a438f9c623aeecc84c202ab2fabc6a8fd927580c15b5a/QtPy-2.4.3-py3-none-any.whl", hash = "sha256:72095afe13673e017946cc258b8d5da43314197b741ed2890e563cf384b51aa1", size = 95045, upload-time = "2025-02-11T15:09:24.162Z" },
]
